
Microsoft Visual Studio Solution File, Format Version 12.00
# Visual Studio Version 17
VisualStudioVersion = 17.8.34511.84
MinimumVisualStudioVersion = 10.0.40219.1
Project("{FAE04EC0-301F-11D3-BF4B-00C04F79EFBC}") = "api_azure_bus_service", "api_azure_bus_service.csproj", "{B9690224-A937-493D-84C6-1408CCB5EFA2}"
EndProject
Global
	GlobalSection(SolutionConfigurationPlatforms) = preSolution
		Debug|Any CPU = Debug|Any CPU
		Release|Any CPU = Release|Any CPU
	EndGlobalSection
	GlobalSection(ProjectConfigurationPlatforms) = postSolution
		{B9690224-A937-493D-84C6-1408CCB5EFA2}.Debug|Any CPU.ActiveCfg = Debug|Any CPU
		{B9690224-A937-493D-84C6-1408CCB5EFA2}.Debug|Any CPU.Build.0 = Debug|Any CPU
		{B9690224-A937-493D-84C6-1408CCB5EFA2}.Release|Any CPU.ActiveCfg = Release|Any CPU
		{B9690224-A937-493D-84C6-1408CCB5EFA2}.Release|Any CPU.Build.0 = Release|Any CPU
	EndGlobalSection
	GlobalSection(SolutionProperties) = preSolution
		HideSolutionNode = FALSE
	EndGlobalSection
	GlobalSection(ExtensibilityGlobals) = postSolution
		SolutionGuid = {7676B23C-AB7E-4AE5-818A-37089A7E721B}
	EndGlobalSection
EndGlobal
